
Microsoft Visual Studio Solution File, Format Version 11.00
# Visual Studio 2010
Project("{FAE04EC0-301F-11D3-BF4B-00C04F79EFBC}") = "MuscleController", "MuscleController\MuscleController.csproj", "{43897C54-BC33-4C2A-B88D-F7D9F1EC7085}"
EndProject
Project("{FAE04EC0-301F-11D3-BF4B-00C04F79EFBC}") = "Testing", "Testing\Testing.csproj", "{9215D13D-7E72-4274-8F00-3E4734D07321}"
EndProject
Project("{FAE04EC0-301F-11D3-BF4B-00C04F79EFBC}") = "EngineClasses", "EngineClasses\EngineClasses.csproj", "{A3E8910C-B572-48AE-A1E8-50D1EED01AD6}"
EndProject
Project("{FAE04EC0-301F-11D3-BF4B-00C04F79EFBC}") = "UserControlsLibrary", "UserControlsLibrary\UserControlsLibrary.csproj", "{DB256AC2-3F86-4E1D-92CE-4944AD71FAD4}"
EndProject
Global
	GlobalSection(SolutionConfigurationPlatforms) = preSolution
		Debug|Any CPU = Debug|Any CPU
		Debug|Mixed Platforms = Debug|Mixed Platforms
		Debug|x86 = Debug|x86
		Release|Any CPU = Release|Any CPU
		Release|Mixed Platforms = Release|Mixed Platforms
		Release|x86 = Release|x86
	EndGlobalSection
	GlobalSection(ProjectConfigurationPlatforms) = postSolution
		{43897C54-BC33-4C2A-B88D-F7D9F1EC7085}.Debug|Any CPU.ActiveCfg = Debug|x86
		{43897C54-BC33-4C2A-B88D-F7D9F1EC7085}.Debug|Mixed Platforms.ActiveCfg = Debug|x86
		{43897C54-BC33-4C2A-B88D-F7D9F1EC7085}.Debug|Mixed Platforms.Build.0 = Debug|x86
		{43897C54-BC33-4C2A-B88D-F7D9F1EC7085}.Debug|x86.ActiveCfg = Debug|x86
		{43897C54-BC33-4C2A-B88D-F7D9F1EC7085}.Debug|x86.Build.0 = Debug|x86
		{43897C54-BC33-4C2A-B88D-F7D9F1EC7085}.Release|Any CPU.ActiveCfg = Release|x86
		{43897C54-BC33-4C2A-B88D-F7D9F1EC7085}.Release|Mixed Platforms.ActiveCfg = Release|x86
		{43897C54-BC33-4C2A-B88D-F7D9F1EC7085}.Release|Mixed Platforms.Build.0 = Release|x86
		{43897C54-BC33-4C2A-B88D-F7D9F1EC7085}.Release|x86.ActiveCfg = Release|x86
		{43897C54-BC33-4C2A-B88D-F7D9F1EC7085}.Release|x86.Build.0 = Release|x86
		{9215D13D-7E72-4274-8F00-3E4734D07321}.Debug|Any CPU.ActiveCfg = Debug|x86
		{9215D13D-7E72-4274-8F00-3E4734D07321}.Debug|Mixed Platforms.ActiveCfg = Debug|x86
		{9215D13D-7E72-4274-8F00-3E4734D07321}.Debug|Mixed Platforms.Build.0 = Debug|x86
		{9215D13D-7E72-4274-8F00-3E4734D07321}.Debug|x86.ActiveCfg = Debug|x86
		{9215D13D-7E72-4274-8F00-3E4734D07321}.Debug|x86.Build.0 = Debug|x86
		{9215D13D-7E72-4274-8F00-3E4734D07321}.Release|Any CPU.ActiveCfg = Release|x86
		{9215D13D-7E72-4274-8F00-3E4734D07321}.Release|Mixed Platforms.ActiveCfg = Release|x86
		{9215D13D-7E72-4274-8F00-3E4734D07321}.Release|Mixed Platforms.Build.0 = Release|x86
		{9215D13D-7E72-4274-8F00-3E4734D07321}.Release|x86.ActiveCfg = Release|x86
		{9215D13D-7E72-4274-8F00-3E4734D07321}.Release|x86.Build.0 = Release|x86
		{A3E8910C-B572-48AE-A1E8-50D1EED01AD6}.Debug|Any CPU.ActiveCfg = Debug|Any CPU
		{A3E8910C-B572-48AE-A1E8-50D1EED01AD6}.Debug|Any CPU.Build.0 = Debug|Any CPU
		{A3E8910C-B572-48AE-A1E8-50D1EED01AD6}.Debug|Mixed Platforms.ActiveCfg = Debug|Any CPU
		{A3E8910C-B572-48AE-A1E8-50D1EED01AD6}.Debug|Mixed Platforms.Build.0 = Debug|Any CPU
		{A3E8910C-B572-48AE-A1E8-50D1EED01AD6}.Debug|x86.ActiveCfg = Debug|Any CPU
		{A3E8910C-B572-48AE-A1E8-50D1EED01AD6}.Release|Any CPU.ActiveCfg = Release|Any CPU
		{A3E8910C-B572-48AE-A1E8-50D1EED01AD6}.Release|Any CPU.Build.0 = Release|Any CPU
		{A3E8910C-B572-48AE-A1E8-50D1EED01AD6}.Release|Mixed Platforms.ActiveCfg = Release|Any CPU
		{A3E8910C-B572-48AE-A1E8-50D1EED01AD6}.Release|Mixed Platforms.Build.0 = Release|Any CPU
		{A3E8910C-B572-48AE-A1E8-50D1EED01AD6}.Release|x86.ActiveCfg = Release|Any CPU
		{DB256AC2-3F86-4E1D-92CE-4944AD71FAD4}.Debug|Any CPU.ActiveCfg = Debug|Any CPU
		{DB256AC2-3F86-4E1D-92CE-4944AD71FAD4}.Debug|Any CPU.Build.0 = Debug|Any CPU
		{DB256AC2-3F86-4E1D-92CE-4944AD71FAD4}.Debug|Mixed Platforms.ActiveCfg = Debug|Any CPU
		{DB256AC2-3F86-4E1D-92CE-4944AD71FAD4}.Debug|Mixed Platforms.Build.0 = Debug|Any CPU
		{DB256AC2-3F86-4E1D-92CE-4944AD71FAD4}.Debug|x86.ActiveCfg = Debug|Any CPU
		{DB256AC2-3F86-4E1D-92CE-4944AD71FAD4}.Release|Any CPU.ActiveCfg = Release|Any CPU
		{DB256AC2-3F86-4E1D-92CE-4944AD71FAD4}.Release|Any CPU.Build.0 = Release|Any CPU
		{DB256AC2-3F86-4E1D-92CE-4944AD71FAD4}.Release|Mixed Platforms.ActiveCfg = Release|Any CPU
		{DB256AC2-3F86-4E1D-92CE-4944AD71FAD4}.Release|Mixed Platforms.Build.0 = Release|Any CPU
		{DB256AC2-3F86-4E1D-92CE-4944AD71FAD4}.Release|x86.ActiveCfg = Release|Any CPU
	EndGlobalSection
	GlobalSection(SolutionProperties) = preSolution
		HideSolutionNode = FALSE
	EndGlobalSection
EndGlobal
